// !$*UTF8*$!
{
	archiveVersion = 1;
	classes = {
	};
	objectVersion = 46;
	objects = {

/* Begin PBXBuildFile section */
		F9C6E8861E212FCC00D6878C /* SelectDimesionViewController.swift in Sources */ = {isa = PBXBuildFile; fileRef = F9C6E87D1E212FCC00D6878C /* SelectDimesionViewController.swift */; };
		F9C6E8871E212FCC00D6878C /* images.xcassets in Resources */ = {isa = PBXBuildFile; fileRef = F9C6E87F1E212FCC00D6878C /* images.xcassets */; };
		F9C6E8881E212FCC00D6878C /* LaunchScreen.storyboard in Resources */ = {isa = PBXBuildFile; fileRef = F9C6E8811E212FCC00D6878C /* LaunchScreen.storyboard */; };
		F9C6E8891E212FCC00D6878C /* Main.storyboard in Resources */ = {isa = PBXBuildFile; fileRef = F9C6E8821E212FCC00D6878C /* Main.storyboard */; };
		F9C6E88A1E212FCC00D6878C /* AppDelegate.swift in Sources */ = {isa = PBXBuildFile; fileRef = F9C6E8841E212FCC00D6878C /* AppDelegate.swift */; };
		F9C6E88B1E212FCC00D6878C /* Info.plist in Resources */ = {isa = PBXBuildFile; fileRef = F9C6E8851E212FCC00D6878C /* Info.plist */; };
		F9C6E88D1E213F6600D6878C /* Node.swift in Sources */ = {isa = PBXBuildFile; fileRef = F9C6E88C1E213F6600D6878C /* Node.swift */; };
		F9C6E88F1E213F7400D6878C /* Point.swift in Sources */ = {isa = PBXBuildFile; fileRef = F9C6E88E1E213F7400D6878C /* Point.swift */; };
		F9C6E8911E213F8600D6878C /* Metric.swift in Sources */ = {isa = PBXBuildFile; fileRef = F9C6E8901E213F8600D6878C /* Metric.swift */; };
		F9C6E8931E21404200D6878C /* TraversalPathViewController.swift in Sources */ = {isa = PBXBuildFile; fileRef = F9C6E8921E21404200D6878C /* TraversalPathViewController.swift */; };
/* End PBXBuildFile section */

/* Begin PBXFileReference section */
		F9C6E8651E212F4D00D6878C /* FindingNeighborAlgorthm.app */ = {isa = PBXFileReference; explicitFileType = wrapper.application; includeInIndex = 0; path = FindingNeighborAlgorthm.app; sourceTree = BUILT_PRODUCTS_DIR; };
		F9C6E87D1E212FCC00D6878C /* SelectDimesionViewController.swift */ = {isa = PBXFileReference; fileEncoding = 4; lastKnownFileType = sourcecode.swift; path = SelectDimesionViewController.swift; sourceTree = "<group>"; };
		F9C6E87F1E212FCC00D6878C /* images.xcassets */ = {isa = PBXFileReference; lastKnownFileType = folder.assetcatalog; path = images.xcassets; sourceTree = "<group>"; };
		F9C6E8811E212FCC00D6878C /* LaunchScreen.storyboard */ = {isa = PBXFileReference; fileEncoding = 4; lastKnownFileType = file.storyboard; path = LaunchScreen.storyboard; sourceTree = "<group>"; };
		F9C6E8821E212FCC00D6878C /* Main.storyboard */ = {isa = PBXFileReference; fileEncoding = 4; lastKnownFileType = file.storyboard; path = Main.storyboard; sourceTree = "<group>"; };
		F9C6E8841E212FCC00D6878C /* AppDelegate.swift */ = {isa = PBXFileReference; fileEncoding = 4; lastKnownFileType = sourcecode.swift; path = AppDelegate.swift; sourceTree = "<group>"; };
		F9C6E8851E212FCC00D6878C /* Info.plist */ = {isa = PBXFileReference; fileEncoding = 4; lastKnownFileType = text.plist.xml; path = Info.plist; sourceTree = "<group>"; };
		F9C6E88C1E213F6600D6878C /* Node.swift */ = {isa = PBXFileReference; fileEncoding = 4; lastKnownFileType = sourcecode.swift; path = Node.swift; sourceTree = "<group>"; };
		F9C6E88E1E213F7400D6878C /* Point.swift */ = {isa = PBXFileReference; fileEncoding = 4; lastKnownFileType = sourcecode.swift; path = Point.swift; sourceTree = "<group>"; };
		F9C6E8901E213F8600D6878C /* Metric.swift */ = {isa = PBXFileReference; fileEncoding = 4; lastKnownFileType = sourcecode.swift; path = Metric.swift; sourceTree = "<group>"; };
		F9C6E8921E21404200D6878C /* TraversalPathViewController.swift */ = {isa = PBXFileReference; fileEncoding = 4; lastKnownFileType = sourcecode.swift; path = TraversalPathViewController.swift; sourceTree = "<group>"; };
/* End PBXFileReference section */

/* Begin PBXFrameworksBuildPhase section */
		F9C6E8621E212F4D00D6878C /* Frameworks */ = {
			isa = PBXFrameworksBuildPhase;
			buildActionMask = 2147483647;
			files = (
			);
			runOnlyForDeploymentPostprocessing = 0;
		};
/* End PBXFrameworksBuildPhase section */

/* Begin PBXGroup section */
		F9C6E85C1E212F4D00D6878C = {
			isa = PBXGroup;
			children = (
				F9C6E8671E212F4D00D6878C /* FindingNeighborAlgorthm */,
				F9C6E8661E212F4D00D6878C /* Products */,
			);
			sourceTree = "<group>";
		};
		F9C6E8661E212F4D00D6878C /* Products */ = {
			isa = PBXGroup;
			children = (
				F9C6E8651E212F4D00D6878C /* FindingNeighborAlgorthm.app */,
			);
			name = Products;
			sourceTree = "<group>";
		};
		F9C6E8671E212F4D00D6878C /* FindingNeighborAlgorthm */ = {
			isa = PBXGroup;
			children = (
				F9C6E87A1E212FCC00D6878C /* Classes */,
				F9C6E87E1E212FCC00D6878C /* Resourses */,
				F9C6E8831E212FCC00D6878C /* Supporting Files */,
			);
			path = FindingNeighborAlgorthm;
			sourceTree = "<group>";
		};
		F9C6E87A1E212FCC00D6878C /* Classes */ = {
			isa = PBXGroup;
			children = (
				F9C6E87B1E212FCC00D6878C /* Model */,
				F9C6E87C1E212FCC00D6878C /* ViewController */,
			);
			path = Classes;
			sourceTree = "<group>";
		};
		F9C6E87B1E212FCC00D6878C /* Model */ = {
			isa = PBXGroup;
			children = (
				F9C6E88C1E213F6600D6878C /* Node.swift */,
				F9C6E8901E213F8600D6878C /* Metric.swift */,
				F9C6E88E1E213F7400D6878C /* Point.swift */,
			);
			path = Model;
			sourceTree = "<group>";
		};
		F9C6E87C1E212FCC00D6878C /* ViewController */ = {
			isa = PBXGroup;
			children = (
				F9C6E87D1E212FCC00D6878C /* SelectDimesionViewController.swift */,
				F9C6E8921E21404200D6878C /* TraversalPathViewController.swift */,
			);
			path = ViewController;
			sourceTree = "<group>";
		};
		F9C6E87E1E212FCC00D6878C /* Resourses */ = {
			isa = PBXGroup;
			children = (
				F9C6E87F1E212FCC00D6878C /* images.xcassets */,
				F9C6E8801E212FCC00D6878C /* Storyboard */,
			);
			path = Resourses;
			sourceTree = "<group>";
		};
		F9C6E8801E212FCC00D6878C /* Storyboard */ = {
			isa = PBXGroup;
			children = (
				F9C6E8811E212FCC00D6878C /* LaunchScreen.storyboard */,
				F9C6E8821E212FCC00D6878C /* Main.storyboard */,
			);
			path = Storyboard;
			sourceTree = "<group>";
		};
		F9C6E8831E212FCC00D6878C /* Supporting Files */ = {
			isa = PBXGroup;
			children = (
				F9C6E8841E212FCC00D6878C /* AppDelegate.swift */,
				F9C6E8851E212FCC00D6878C /* Info.plist */,
			);
			path = "Supporting Files";
			sourceTree = "<group>";
		};
/* End PBXGroup section */

/* Begin PBXNativeTarget section */
		F9C6E8641E212F4D00D6878C /* FindingNeighborAlgorthm */ = {
			isa = PBXNativeTarget;
			buildConfigurationList = F9C6E8771E212F4D00D6878C /* Build configuration list for PBXNativeTarget "FindingNeighborAlgorthm" */;
			buildPhases = (
				F9C6E8611E212F4D00D6878C /* Sources */,
				F9C6E8621E212F4D00D6878C /* Frameworks */,
				F9C6E8631E212F4D00D6878C /* Resources */,
			);
			buildRules = (
			);
			dependencies = (
			);
			name = FindingNeighborAlgorthm;
			productName = FindingNeighborAlgorthm;
			productReference = F9C6E8651E212F4D00D6878C /* FindingNeighborAlgorthm.app */;
			productType = "com.apple.product-type.application";
		};
/* End PBXNativeTarget section */

/* Begin PBXProject section */
		F9C6E85D1E212F4D00D6878C /* Project object */ = {
			isa = PBXProject;
			attributes = {
				LastSwiftUpdateCheck = 0810;
				LastUpgradeCheck = 0810;
				ORGANIZATIONNAME = "Khemmachart Chutapetch";
				TargetAttributes = {
					F9C6E8641E212F4D00D6878C = {
						CreatedOnToolsVersion = 8.1;
						ProvisioningStyle = Automatic;
					};
				};
			};
			buildConfigurationList = F9C6E8601E212F4D00D6878C /* Build configuration list for PBXProject "FindingNeighborAlgorthm" */;
			compatibilityVersion = "Xcode 3.2";
			developmentRegion = English;
			hasScannedForEncodings = 0;
			knownRegions = (
				en,
				Base,
			);
			mainGroup = F9C6E85C1E212F4D00D6878C;
			productRefGroup = F9C6E8661E212F4D00D6878C /* Products */;
			projectDirPath = "";
			projectRoot = "";
			targets = (
				F9C6E8641E212F4D00D6878C /* FindingNeighborAlgorthm */,
			);
		};
/* End PBXProject section */

/* Begin PBXResourcesBuildPhase section */
		F9C6E8631E212F4D00D6878C /* Resources */ = {
			isa = PBXResourcesBuildPhase;
			buildActionMask = 2147483647;
			files = (
				F9C6E88B1E212FCC00D6878C /* Info.plist in Resources */,
				F9C6E8891E212FCC00D6878C /* Main.storyboard in Resources */,
				F9C6E8871E212FCC00D6878C /* images.xcassets in Resources */,
				F9C6E8881E212FCC00D6878C /* LaunchScreen.storyboard in Resources */,
			);
			runOnlyForDeploymentPostprocessing = 0;
		};
/* End PBXResourcesBuildPhase section */

/* Begin PBXSourcesBuildPhase section */
		F9C6E8611E212F4D00D6878C /* Sources */ = {
			isa = PBXSourcesBuildPhase;
			buildActionMask = 2147483647;
			files = (
				F9C6E8931E21404200D6878C /* TraversalPathViewController.swift in Sources */,
				F9C6E88F1E213F7400D6878C /* Point.swift in Sources */,
				F9C6E88D1E213F6600D6878C /* Node.swift in Sources */,
				F9C6E8911E213F8600D6878C /* Metric.swift in Sources */,
				F9C6E88A1E212FCC00D6878C /* AppDelegate.swift in Sources */,
				F9C6E8861E212FCC00D6878C /* SelectDimesionViewController.swift in Sources */,
			);
			runOnlyForDeploymentPostprocessing = 0;
		};
/* End PBXSourcesBuildPhase section */

/* Begin XCBuildConfiguration section */
		F9C6E8751E212F4D00D6878C /* Debug */ = {
			isa = XCBuildConfiguration;
			buildSettings = {
				ALWAYS_SEARCH_USER_PATHS = NO;
				CLANG_ANALYZER_NONNULL = YES;
				CLANG_CXX_LANGUAGE_STANDARD = "gnu++0x";
				CLANG_CXX_LIBRARY = "libc++";
				CLANG_ENABLE_MODULES = YES;
				CLANG_ENABLE_OBJC_ARC = YES;
				CLANG_WARN_BOOL_CONVERSION = YES;
				CLANG_WARN_CONSTANT_CONVERSION = YES;
				CLANG_WARN_DIRECT_OBJC_ISA_USAGE = YES_ERROR;
				CLANG_WARN_DOCUMENTATION_COMMENTS = YES;
				CLANG_WARN_EMPTY_BODY = YES;
				CLANG_WARN_ENUM_CONVERSION = YES;
				CLANG_WARN_INFINITE_RECURSION = YES;
				CLANG_WARN_INT_CONVERSION = YES;
				CLANG_WARN_OBJC_ROOT_CLASS = YES_ERROR;
				CLANG_WARN_SUSPICIOUS_MOVES = YES;
				CLANG_WARN_UNREACHABLE_CODE = YES;
				CLANG_WARN__DUPLICATE_METHOD_MATCH = YES;
				"CODE_SIGN_IDENTITY[sdk=iphoneos*]" = "iPhone Developer";
				COPY_PHASE_STRIP = NO;
				DEBUG_INFORMATION_FORMAT = dwarf;
				ENABLE_STRICT_OBJC_MSGSEND = YES;
				ENABLE_TESTABILITY = YES;
				GCC_C_LANGUAGE_STANDARD = gnu99;
				GCC_DYNAMIC_NO_PIC = NO;
				GCC_NO_COMMON_BLOCKS = YES;
				GCC_OPTIMIZATION_LEVEL = 0;
				GCC_PREPROCESSOR_DEFINITIONS = (
					"DEBUG=1",
					"$(inherited)",
				);
				GCC_WARN_64_TO_32_BIT_CONVERSION = YES;
				GCC_WARN_ABOUT_RETURN_TYPE = YES_ERROR;
				GCC_WARN_UNDECLARED_SELECTOR = YES;
				GCC_WARN_UNINITIALIZED_AUTOS = YES_AGGRESSIVE;
				GCC_WARN_UNUSED_FUNCTION = YES;
				GCC_WARN_UNUSED_VARIABLE = YES;
				IPHONEOS_DEPLOYMENT_TARGET = 10.1;
				MTL_ENABLE_DEBUG_INFO = YES;
				ONLY_ACTIVE_ARCH = YES;
				SDKROOT = iphoneos;
				SWIFT_ACTIVE_COMPILATION_CONDITIONS = DEBUG;
				SWIFT_OPTIMIZATION_LEVEL = "-Onone";
			};
			name = Debug;
		};
		F9C6E8761E212F4D00D6878C /* Release */ = {
			isa = XCBuildConfiguration;
			buildSettings = {
				ALWAYS_SEARCH_USER_PATHS = NO;
				CLANG_ANALYZER_NONNULL = YES;
				CLANG_CXX_LANGUAGE_STANDARD = "gnu++0x";
				CLANG_CXX_LIBRARY = "libc++";
				CLANG_ENABLE_MODULES = YES;
				CLANG_ENABLE_OBJC_ARC = YES;
				CLANG_WARN_BOOL_CONVERSION = YES;
				CLANG_WARN_CONSTANT_CONVERSION = YES;
				CLANG_WARN_DIRECT_OBJC_ISA_USAGE = YES_ERROR;
				CLANG_WARN_DOCUMENTATION_COMMENTS = YES;
				CLANG_WARN_EMPTY_BODY = YES;
				CLANG_WARN_ENUM_CONVERSION = YES;
				CLANG_WARN_INFINITE_RECURSION = YES;
				CLANG_WARN_INT_CONVERSION = YES;
				CLANG_WARN_OBJC_ROOT_CLASS = YES_ERROR;
				CLANG_WARN_SUSPICIOUS_MOVES = YES;
				CLANG_WARN_UNREACHABLE_CODE = YES;
				CLANG_WARN__DUPLICATE_METHOD_MATCH = YES;
				"CODE_SIGN_IDENTITY[sdk=iphoneos*]" = "iPhone Developer";
				COPY_PHASE_STRIP = NO;
				DEBUG_INFORMATION_FORMAT = "dwarf-with-dsym";
				ENABLE_NS_ASSERTIONS = NO;
				ENABLE_STRICT_OBJC_MSGSEND = YES;
				GCC_C_LANGUAGE_STANDARD = gnu99;
				GCC_NO_COMMON_BLOCKS = YES;
				GCC_WARN_64_TO_32_BIT_CONVERSION = YES;
				GCC_WARN_ABOUT_RETURN_TYPE = YES_ERROR;
				GCC_WARN_UNDECLARED_SELECTOR = YES;
				GCC_WARN_UNINITIALIZED_AUTOS = YES_AGGRESSIVE;
				GCC_WARN_UNUSED_FUNCTION = YES;
				GCC_WARN_UNUSED_VARIABLE = YES;
				IPHONEOS_DEPLOYMENT_TARGET = 10.1;
				MTL_ENABLE_DEBUG_INFO = NO;
				SDKROOT = iphoneos;
				SWIFT_OPTIMIZATION_LEVEL = "-Owholemodule";
				VALIDATE_PRODUCT = YES;
			};
			name = Release;
		};
		F9C6E8781E212F4D00D6878C /* Debug */ = {
			isa = XCBuildConfiguration;
			buildSettings = {
				ASSETCATALOG_COMPILER_APPICON_NAME = AppIcon;
				INFOPLIST_FILE = "FindingNeighborAlgorthm/Supporting Files/Info.plist";
				LD_RUNPATH_SEARCH_PATHS = "$(inherited) @executable_path/Frameworks";
				PRODUCT_BUNDLE_IDENTIFIER = com.nextzy.FindingNeighborAlgorthm;
				PRODUCT_NAME = "$(TARGET_NAME)";
				SWIFT_VERSION = 3.0;
				TARGETED_DEVICE_FAMILY = "1,2";
			};
			name = Debug;
		};
		F9C6E8791E212F4D00D6878C /* Release */ = {
			isa = XCBuildConfiguration;
			buildSettings = {
				ASSETCATALOG_COMPILER_APPICON_NAME = AppIcon;
				INFOPLIST_FILE = "FindingNeighborAlgorthm/Supporting Files/Info.plist";
				LD_RUNPATH_SEARCH_PATHS = "$(inherited) @executable_path/Frameworks";
				PRODUCT_BUNDLE_IDENTIFIER = com.nextzy.FindingNeighborAlgorthm;
				PRODUCT_NAME = "$(TARGET_NAME)";
				SWIFT_VERSION = 3.0;
				TARGETED_DEVICE_FAMILY = "1,2";
			};
			name = Release;
		};
/* End XCBuildConfiguration section */

/* Begin XCConfigurationList section */
		F9C6E8601E212F4D00D6878C /* Build configuration list for PBXProject "FindingNeighborAlgorthm" */ = {
			isa = XCConfigurationList;
			buildConfigurations = (
				F9C6E8751E212F4D00D6878C /* Debug */,
				F9C6E8761E212F4D00D6878C /* Release */,
			);
			defaultConfigurationIsVisible = 0;
			defaultConfigurationName = Release;
		};
		F9C6E8771E212F4D00D6878C /* Build configuration list for PBXNativeTarget "FindingNeighborAlgorthm" */ = {
			isa = XCConfigurationList;
			buildConfigurations = (
				F9C6E8781E212F4D00D6878C /* Debug */,
				F9C6E8791E212F4D00D6878C /* Release */,
			);
			defaultConfigurationIsVisible = 0;
			defaultConfigurationName = Release;
		};
/* End XCConfigurationList section */
	};
	rootObject = F9C6E85D1E212F4D00D6878C /* Project object */;
}
